// !$*UTF8*$!
{
	archiveVersion = 1;
	classes = {
	};
	objectVersion = 56;
	objects = {

/* Begin PBXBuildFile section */
		17A647F1290E7F12009078B6 /* CouponApp.swift in Sources */ = {isa = PBXBuildFile; fileRef = 17A647F0290E7F12009078B6 /* CouponApp.swift */; };
		17A647F3290E7F12009078B6 /* ContentView.swift in Sources */ = {isa = PBXBuildFile; fileRef = 17A647F2290E7F12009078B6 /* ContentView.swift */; };
		17A647F5290E7F14009078B6 /* Assets.xcassets in Resources */ = {isa = PBXBuildFile; fileRef = 17A647F4290E7F14009078B6 /* Assets.xcassets */; };
		17A647F9290E7F14009078B6 /* Preview Assets.xcassets in Resources */ = {isa = PBXBuildFile; fileRef = 17A647F8290E7F14009078B6 /* Preview Assets.xcassets */; };
		17A64803290E7F15009078B6 /* CouponAppTests.swift in Sources */ = {isa = PBXBuildFile; fileRef = 17A64802290E7F15009078B6 /* CouponAppTests.swift */; };
		17A6480D290E7F15009078B6 /* CouponAppUITests.swift in Sources */ = {isa = PBXBuildFile; fileRef = 17A6480C290E7F15009078B6 /* CouponAppUITests.swift */; };
		17A6480F290E7F15009078B6 /* CouponAppUITestsLaunchTests.swift in Sources */ = {isa = PBXBuildFile; fileRef = 17A6480E290E7F15009078B6 /* CouponAppUITestsLaunchTests.swift */; };
		17A6481F290E8368009078B6 /* StorageKeys.swift in Sources */ = {isa = PBXBuildFile; fileRef = 17A6481E290E8368009078B6 /* StorageKeys.swift */; };
		17A64821290E83AC009078B6 /* TutorialWalkthrough.swift in Sources */ = {isa = PBXBuildFile; fileRef = 17A64820290E83AC009078B6 /* TutorialWalkthrough.swift */; };
		17A64823290E83CE009078B6 /* TutorialScreenView.swift in Sources */ = {isa = PBXBuildFile; fileRef = 17A64822290E83CE009078B6 /* TutorialScreenView.swift */; };
		17A64827290E8893009078B6 /* MainRatingView.swift in Sources */ = {isa = PBXBuildFile; fileRef = 17A64826290E8893009078B6 /* MainRatingView.swift */; };
		17A6482A290E88D7009078B6 /* MainRatingViewModel.swift in Sources */ = {isa = PBXBuildFile; fileRef = 17A64829290E88D7009078B6 /* MainRatingViewModel.swift */; };
		17A6482D290E897F009078B6 /* FirebaseDatabase in Frameworks */ = {isa = PBXBuildFile; productRef = 17A6482C290E897F009078B6 /* FirebaseDatabase */; };
		17A6482F290E897F009078B6 /* FirebaseFirestore in Frameworks */ = {isa = PBXBuildFile; productRef = 17A6482E290E897F009078B6 /* FirebaseFirestore */; };
		17A64831290E897F009078B6 /* FirebaseStorage in Frameworks */ = {isa = PBXBuildFile; productRef = 17A64830290E897F009078B6 /* FirebaseStorage */; };
		17A64834290E8A2C009078B6 /* StackCardView.swift in Sources */ = {isa = PBXBuildFile; fileRef = 17A64833290E8A2C009078B6 /* StackCardView.swift */; };
		17A64837290E8A8E009078B6 /* Content.swift in Sources */ = {isa = PBXBuildFile; fileRef = 17A64836290E8A8E009078B6 /* Content.swift */; };
		17A64839290E8D21009078B6 /* GoogleService-Info.plist in Resources */ = {isa = PBXBuildFile; fileRef = 17A64838290E8D21009078B6 /* GoogleService-Info.plist */; };
/* End PBXBuildFile section */

/* Begin PBXContainerItemProxy section */
		17A647FF290E7F15009078B6 /* PBXContainerItemProxy */ = {
			isa = PBXContainerItemProxy;
			containerPortal = 17A647E5290E7F11009078B6 /* Project object */;
			proxyType = 1;
			remoteGlobalIDString = 17A647EC290E7F12009078B6;
			remoteInfo = CouponApp;
		};
		17A64809290E7F15009078B6 /* PBXContainerItemProxy */ = {
			isa = PBXContainerItemProxy;
			containerPortal = 17A647E5290E7F11009078B6 /* Project object */;
			proxyType = 1;
			remoteGlobalIDString = 17A647EC290E7F12009078B6;
			remoteInfo = CouponApp;
		};
/* End PBXContainerItemProxy section */

/* Begin PBXFileReference section */
		17A647ED290E7F12009078B6 /* CouponApp.app */ = {isa = PBXFileReference; explicitFileType = wrapper.application; includeInIndex = 0; path = CouponApp.app; sourceTree = BUILT_PRODUCTS_DIR; };
		17A647F0290E7F12009078B6 /* CouponApp.swift */ = {isa = PBXFileReference; lastKnownFileType = sourcecode.swift; path = CouponApp.swift; sourceTree = "<group>"; };
		17A647F2290E7F12009078B6 /* ContentView.swift */ = {isa = PBXFileReference; lastKnownFileType = sourcecode.swift; path = ContentView.swift; sourceTree = "<group>"; };
		17A647F4290E7F14009078B6 /* Assets.xcassets */ = {isa = PBXFileReference; lastKnownFileType = folder.assetcatalog; path = Assets.xcassets; sourceTree = "<group>"; };
		17A647F6290E7F14009078B6 /* CouponApp.entitlements */ = {isa = PBXFileReference; lastKnownFileType = text.plist.entitlements; path = CouponApp.entitlements; sourceTree = "<group>"; };
		17A647F8290E7F14009078B6 /* Preview Assets.xcassets */ = {isa = PBXFileReference; lastKnownFileType = folder.assetcatalog; path = "Preview Assets.xcassets"; sourceTree = "<group>"; };
		17A647FE290E7F15009078B6 /* CouponAppTests.xctest */ = {isa = PBXFileReference; explicitFileType = wrapper.cfbundle; includeInIndex = 0; path = CouponAppTests.xctest; sourceTree = BUILT_PRODUCTS_DIR; };
		17A64802290E7F15009078B6 /* CouponAppTests.swift */ = {isa = PBXFileReference; lastKnownFileType = sourcecode.swift; path = CouponAppTests.swift; sourceTree = "<group>"; };
		17A64808290E7F15009078B6 /* CouponAppUITests.xctest */ = {isa = PBXFileReference; explicitFileType = wrapper.cfbundle; includeInIndex = 0; path = CouponAppUITests.xctest; sourceTree = BUILT_PRODUCTS_DIR; };
		17A6480C290E7F15009078B6 /* CouponAppUITests.swift */ = {isa = PBXFileReference; lastKnownFileType = sourcecode.swift; path = CouponAppUITests.swift; sourceTree = "<group>"; };
		17A6480E290E7F15009078B6 /* CouponAppUITestsLaunchTests.swift */ = {isa = PBXFileReference; lastKnownFileType = sourcecode.swift; path = CouponAppUITestsLaunchTests.swift; sourceTree = "<group>"; };
		17A6481E290E8368009078B6 /* StorageKeys.swift */ = {isa = PBXFileReference; lastKnownFileType = sourcecode.swift; path = StorageKeys.swift; sourceTree = "<group>"; };
		17A64820290E83AC009078B6 /* TutorialWalkthrough.swift */ = {isa = PBXFileReference; lastKnownFileType = sourcecode.swift; path = TutorialWalkthrough.swift; sourceTree = "<group>"; };
		17A64822290E83CE009078B6 /* TutorialScreenView.swift */ = {isa = PBXFileReference; lastKnownFileType = sourcecode.swift; path = TutorialScreenView.swift; sourceTree = "<group>"; };
		17A64826290E8893009078B6 /* MainRatingView.swift */ = {isa = PBXFileReference; lastKnownFileType = sourcecode.swift; path = MainRatingView.swift; sourceTree = "<group>"; };
		17A64829290E88D7009078B6 /* MainRatingViewModel.swift */ = {isa = PBXFileReference; lastKnownFileType = sourcecode.swift; path = MainRatingViewModel.swift; sourceTree = "<group>"; };
		17A64833290E8A2C009078B6 /* StackCardView.swift */ = {isa = PBXFileReference; lastKnownFileType = sourcecode.swift; path = StackCardView.swift; sourceTree = "<group>"; };
		17A64836290E8A8E009078B6 /* Content.swift */ = {isa = PBXFileReference; lastKnownFileType = sourcecode.swift; path = Content.swift; sourceTree = "<group>"; };
		17A64838290E8D21009078B6 /* GoogleService-Info.plist */ = {isa = PBXFileReference; fileEncoding = 4; lastKnownFileType = text.plist.xml; path = "GoogleService-Info.plist"; sourceTree = "<group>"; };
/* End PBXFileReference section */

/* Begin PBXFrameworksBuildPhase section */
		17A647EA290E7F12009078B6 /* Frameworks */ = {
			isa = PBXFrameworksBuildPhase;
			buildActionMask = 2147483647;
			files = (
				17A6482D290E897F009078B6 /* FirebaseDatabase in Frameworks */,
				17A6482F290E897F009078B6 /* FirebaseFirestore in Frameworks */,
				17A64831290E897F009078B6 /* FirebaseStorage in Frameworks */,
			);
			runOnlyForDeploymentPostprocessing = 0;
		};
		17A647FB290E7F15009078B6 /* Frameworks */ = {
			isa = PBXFrameworksBuildPhase;
			buildActionMask = 2147483647;
			files = (
			);
			runOnlyForDeploymentPostprocessing = 0;
		};
		17A64805290E7F15009078B6 /* Frameworks */ = {
			isa = PBXFrameworksBuildPhase;
			buildActionMask = 2147483647;
			files = (
			);
			runOnlyForDeploymentPostprocessing = 0;
		};
/* End PBXFrameworksBuildPhase section */

/* Begin PBXGroup section */
		17A647E4290E7F11009078B6 = {
			isa = PBXGroup;
			children = (
				17A647EF290E7F12009078B6 /* CouponApp */,
				17A64801290E7F15009078B6 /* CouponAppTests */,
				17A6480B290E7F15009078B6 /* CouponAppUITests */,
				17A647EE290E7F12009078B6 /* Products */,
			);
			sourceTree = "<group>";
		};
		17A647EE290E7F12009078B6 /* Products */ = {
			isa = PBXGroup;
			children = (
				17A647ED290E7F12009078B6 /* CouponApp.app */,
				17A647FE290E7F15009078B6 /* CouponAppTests.xctest */,
				17A64808290E7F15009078B6 /* CouponAppUITests.xctest */,
			);
			name = Products;
			sourceTree = "<group>";
		};
		17A647EF290E7F12009078B6 /* CouponApp */ = {
			isa = PBXGroup;
			children = (
				17A6481C290E833F009078B6 /* Util */,
				17A64835290E8A75009078B6 /* Model */,
				17A6481B290E8337009078B6 /* View */,
				17A64828290E88BC009078B6 /* ViewModel */,
				17A647F0290E7F12009078B6 /* CouponApp.swift */,
				17A647F2290E7F12009078B6 /* ContentView.swift */,
				17A64838290E8D21009078B6 /* GoogleService-Info.plist */,
				17A647F4290E7F14009078B6 /* Assets.xcassets */,
				17A647F6290E7F14009078B6 /* CouponApp.entitlements */,
				17A647F7290E7F14009078B6 /* Preview Content */,
			);
			path = CouponApp;
			sourceTree = "<group>";
		};
		17A647F7290E7F14009078B6 /* Preview Content */ = {
			isa = PBXGroup;
			children = (
				17A647F8290E7F14009078B6 /* Preview Assets.xcassets */,
			);
			path = "Preview Content";
			sourceTree = "<group>";
		};
		17A64801290E7F15009078B6 /* CouponAppTests */ = {
			isa = PBXGroup;
			children = (
				17A64802290E7F15009078B6 /* CouponAppTests.swift */,
			);
			path = CouponAppTests;
			sourceTree = "<group>";
		};
		17A6480B290E7F15009078B6 /* CouponAppUITests */ = {
			isa = PBXGroup;
			children = (
				17A6480C290E7F15009078B6 /* CouponAppUITests.swift */,
				17A6480E290E7F15009078B6 /* CouponAppUITestsLaunchTests.swift */,
			);
			path = CouponAppUITests;
			sourceTree = "<group>";
		};
		17A6481B290E8337009078B6 /* View */ = {
			isa = PBXGroup;
			children = (
				17A64824290E886A009078B6 /* mainRatingViews */,
				17A6481D290E8353009078B6 /* tutorial */,
			);
			path = View;
			sourceTree = "<group>";
		};
		17A6481C290E833F009078B6 /* Util */ = {
			isa = PBXGroup;
			children = (
				17A6481E290E8368009078B6 /* StorageKeys.swift */,
			);
			path = Util;
			sourceTree = "<group>";
		};
		17A6481D290E8353009078B6 /* tutorial */ = {
			isa = PBXGroup;
			children = (
				17A64820290E83AC009078B6 /* TutorialWalkthrough.swift */,
				17A64822290E83CE009078B6 /* TutorialScreenView.swift */,
			);
			path = tutorial;
			sourceTree = "<group>";
		};
		17A64824290E886A009078B6 /* mainRatingViews */ = {
			isa = PBXGroup;
			children = (
				17A64832290E8A17009078B6 /* stackCard */,
				17A64826290E8893009078B6 /* MainRatingView.swift */,
			);
			path = mainRatingViews;
			sourceTree = "<group>";
		};
		17A64828290E88BC009078B6 /* ViewModel */ = {
			isa = PBXGroup;
			children = (
				17A64829290E88D7009078B6 /* MainRatingViewModel.swift */,
			);
			path = ViewModel;
			sourceTree = "<group>";
		};
		17A64832290E8A17009078B6 /* stackCard */ = {
			isa = PBXGroup;
			children = (
				17A64833290E8A2C009078B6 /* StackCardView.swift */,
			);
			path = stackCard;
			sourceTree = "<group>";
		};
		17A64835290E8A75009078B6 /* Model */ = {
			isa = PBXGroup;
			children = (
				17A64836290E8A8E009078B6 /* Content.swift */,
			);
			path = Model;
			sourceTree = "<group>";
		};
/* End PBXGroup section */

/* Begin PBXNativeTarget section */
		17A647EC290E7F12009078B6 /* CouponApp */ = {
			isa = PBXNativeTarget;
			buildConfigurationList = 17A64812290E7F15009078B6 /* Build configuration list for PBXNativeTarget "CouponApp" */;
			buildPhases = (
				17A647E9290E7F12009078B6 /* Sources */,
				17A647EA290E7F12009078B6 /* Frameworks */,
				17A647EB290E7F12009078B6 /* Resources */,
			);
			buildRules = (
			);
			dependencies = (
			);
			name = CouponApp;
			packageProductDependencies = (
				17A6482C290E897F009078B6 /* FirebaseDatabase */,
				17A6482E290E897F009078B6 /* FirebaseFirestore */,
				17A64830290E897F009078B6 /* FirebaseStorage */,
			);
			productName = CouponApp;
			productReference = 17A647ED290E7F12009078B6 /* CouponApp.app */;
			productType = "com.apple.product-type.application";
		};
		17A647FD290E7F15009078B6 /* CouponAppTests */ = {
			isa = PBXNativeTarget;
			buildConfigurationList = 17A64815290E7F15009078B6 /* Build configuration list for PBXNativeTarget "CouponAppTests" */;
			buildPhases = (
				17A647FA290E7F15009078B6 /* Sources */,
				17A647FB290E7F15009078B6 /* Frameworks */,
				17A647FC290E7F15009078B6 /* Resources */,
			);
			buildRules = (
			);
			dependencies = (
				17A64800290E7F15009078B6 /* PBXTargetDependency */,
			);
			name = CouponAppTests;
			productName = CouponAppTests;
			productReference = 17A647FE290E7F15009078B6 /* CouponAppTests.xctest */;
			productType = "com.apple.product-type.bundle.unit-test";
		};
		17A64807290E7F15009078B6 /* CouponAppUITests */ = {
			isa = PBXNativeTarget;
			buildConfigurationList = 17A64818290E7F15009078B6 /* Build configuration list for PBXNativeTarget "CouponAppUITests" */;
			buildPhases = (
				17A64804290E7F15009078B6 /* Sources */,
				17A64805290E7F15009078B6 /* Frameworks */,
				17A64806290E7F15009078B6 /* Resources */,
			);
			buildRules = (
			);
			dependencies = (
				17A6480A290E7F15009078B6 /* PBXTargetDependency */,
			);
			name = CouponAppUITests;
			productName = CouponAppUITests;
			productReference = 17A64808290E7F15009078B6 /* CouponAppUITests.xctest */;
			productType = "com.apple.product-type.bundle.ui-testing";
		};
/* End PBXNativeTarget section */

/* Begin PBXProject section */
		17A647E5290E7F11009078B6 /* Project object */ = {
			isa = PBXProject;
			attributes = {
				BuildIndependentTargetsInParallel = 1;
				LastSwiftUpdateCheck = 1400;
				LastUpgradeCheck = 1400;
				TargetAttributes = {
					17A647EC290E7F12009078B6 = {
						CreatedOnToolsVersion = 14.0.1;
					};
					17A647FD290E7F15009078B6 = {
						CreatedOnToolsVersion = 14.0.1;
						TestTargetID = 17A647EC290E7F12009078B6;
					};
					17A64807290E7F15009078B6 = {
						CreatedOnToolsVersion = 14.0.1;
						TestTargetID = 17A647EC290E7F12009078B6;
					};
				};
			};
			buildConfigurationList = 17A647E8290E7F11009078B6 /* Build configuration list for PBXProject "CouponApp" */;
			compatibilityVersion = "Xcode 14.0";
			developmentRegion = en;
			hasScannedForEncodings = 0;
			knownRegions = (
				en,
				Base,
			);
			mainGroup = 17A647E4290E7F11009078B6;
			packageReferences = (
				17A6482B290E897F009078B6 /* XCRemoteSwiftPackageReference "firebase-ios-sdk" */,
			);
			productRefGroup = 17A647EE290E7F12009078B6 /* Products */;
			projectDirPath = "";
			projectRoot = "";
			targets = (
				17A647EC290E7F12009078B6 /* CouponApp */,
				17A647FD290E7F15009078B6 /* CouponAppTests */,
				17A64807290E7F15009078B6 /* CouponAppUITests */,
			);
		};
/* End PBXProject section */

/* Begin PBXResourcesBuildPhase section */
		17A647EB290E7F12009078B6 /* Resources */ = {
			isa = PBXResourcesBuildPhase;
			buildActionMask = 2147483647;
			files = (
				17A647F9290E7F14009078B6 /* Preview Assets.xcassets in Resources */,
				17A647F5290E7F14009078B6 /* Assets.xcassets in Resources */,
				17A64839290E8D21009078B6 /* GoogleService-Info.plist in Resources */,
			);
			runOnlyForDeploymentPostprocessing = 0;
		};
		17A647FC290E7F15009078B6 /* Resources */ = {
			isa = PBXResourcesBuildPhase;
			buildActionMask = 2147483647;
			files = (
			);
			runOnlyForDeploymentPostprocessing = 0;
		};
		17A64806290E7F15009078B6 /* Resources */ = {
			isa = PBXResourcesBuildPhase;
			buildActionMask = 2147483647;
			files = (
			);
			runOnlyForDeploymentPostprocessing = 0;
		};
/* End PBXResourcesBuildPhase section */

/* Begin PBXSourcesBuildPhase section */
		17A647E9290E7F12009078B6 /* Sources */ = {
			isa = PBXSourcesBuildPhase;
			buildActionMask = 2147483647;
			files = (
				17A64827290E8893009078B6 /* MainRatingView.swift in Sources */,
				17A64834290E8A2C009078B6 /* StackCardView.swift in Sources */,
				17A64821290E83AC009078B6 /* TutorialWalkthrough.swift in Sources */,
				17A6482A290E88D7009078B6 /* MainRatingViewModel.swift in Sources */,
				17A6481F290E8368009078B6 /* StorageKeys.swift in Sources */,
				17A64837290E8A8E009078B6 /* Content.swift in Sources */,
				17A64823290E83CE009078B6 /* TutorialScreenView.swift in Sources */,
				17A647F3290E7F12009078B6 /* ContentView.swift in Sources */,
				17A647F1290E7F12009078B6 /* CouponApp.swift in Sources */,
			);
			runOnlyForDeploymentPostprocessing = 0;
		};
		17A647FA290E7F15009078B6 /* Sources */ = {
			isa = PBXSourcesBuildPhase;
			buildActionMask = 2147483647;
			files = (
				17A64803290E7F15009078B6 /* CouponAppTests.swift in Sources */,
			);
			runOnlyForDeploymentPostprocessing = 0;
		};
		17A64804290E7F15009078B6 /* Sources */ = {
			isa = PBXSourcesBuildPhase;
			buildActionMask = 2147483647;
			files = (
				17A6480F290E7F15009078B6 /* CouponAppUITestsLaunchTests.swift in Sources */,
				17A6480D290E7F15009078B6 /* CouponAppUITests.swift in Sources */,
			);
			runOnlyForDeploymentPostprocessing = 0;
		};
/* End PBXSourcesBuildPhase section */

/* Begin PBXTargetDependency section */
		17A64800290E7F15009078B6 /* PBXTargetDependency */ = {
			isa = PBXTargetDependency;
			target = 17A647EC290E7F12009078B6 /* CouponApp */;
			targetProxy = 17A647FF290E7F15009078B6 /* PBXContainerItemProxy */;
		};
		17A6480A290E7F15009078B6 /* PBXTargetDependency */ = {
			isa = PBXTargetDependency;
			target = 17A647EC290E7F12009078B6 /* CouponApp */;
			targetProxy = 17A64809290E7F15009078B6 /* PBXContainerItemProxy */;
		};
/* End PBXTargetDependency section */

/* Begin XCBuildConfiguration section */
		17A64810290E7F15009078B6 /* Debug */ = {
			isa = XCBuildConfiguration;
			buildSettings = {
				ALWAYS_SEARCH_USER_PATHS = NO;
				CLANG_ANALYZER_NONNULL = YES;
				CLANG_ANALYZER_NUMBER_OBJECT_CONVERSION = YES_AGGRESSIVE;
				CLANG_CXX_LANGUAGE_STANDARD = "gnu++20";
				CLANG_ENABLE_MODULES = YES;
				CLANG_ENABLE_OBJC_ARC = YES;
				CLANG_ENABLE_OBJC_WEAK = YES;
				CLANG_WARN_BLOCK_CAPTURE_AUTORELEASING = YES;
				CLANG_WARN_BOOL_CONVERSION = YES;
				CLANG_WARN_COMMA = YES;
				CLANG_WARN_CONSTANT_CONVERSION = YES;
				CLANG_WARN_DEPRECATED_OBJC_IMPLEMENTATIONS = YES;
				CLANG_WARN_DIRECT_OBJC_ISA_USAGE = YES_ERROR;
				CLANG_WARN_DOCUMENTATION_COMMENTS = YES;
				CLANG_WARN_EMPTY_BODY = YES;
				CLANG_WARN_ENUM_CONVERSION = YES;
				CLANG_WARN_INFINITE_RECURSION = YES;
				CLANG_WARN_INT_CONVERSION = YES;
				CLANG_WARN_NON_LITERAL_NULL_CONVERSION = YES;
				CLANG_WARN_OBJC_IMPLICIT_RETAIN_SELF = YES;
				CLANG_WARN_OBJC_LITERAL_CONVERSION = YES;
				CLANG_WARN_OBJC_ROOT_CLASS = YES_ERROR;
				CLANG_WARN_QUOTED_INCLUDE_IN_FRAMEWORK_HEADER = YES;
				CLANG_WARN_RANGE_LOOP_ANALYSIS = YES;
				CLANG_WARN_STRICT_PROTOTYPES = YES;
				CLANG_WARN_SUSPICIOUS_MOVE = YES;
				CLANG_WARN_UNGUARDED_AVAILABILITY = YES_AGGRESSIVE;
				CLANG_WARN_UNREACHABLE_CODE = YES;
				CLANG_WARN__DUPLICATE_METHOD_MATCH = YES;
				COPY_PHASE_STRIP = NO;
				DEBUG_INFORMATION_FORMAT = dwarf;
				ENABLE_STRICT_OBJC_MSGSEND = YES;
				ENABLE_TESTABILITY = YES;
				GCC_C_LANGUAGE_STANDARD = gnu11;
				GCC_DYNAMIC_NO_PIC = NO;
				GCC_NO_COMMON_BLOCKS = YES;
				GCC_OPTIMIZATION_LEVEL = 0;
				GCC_PREPROCESSOR_DEFINITIONS = (
					"DEBUG=1",
					"$(inherited)",
				);
				GCC_WARN_64_TO_32_BIT_CONVERSION = YES;
				GCC_WARN_ABOUT_RETURN_TYPE = YES_ERROR;
				GCC_WARN_UNDECLARED_SELECTOR = YES;
				GCC_WARN_UNINITIALIZED_AUTOS = YES_AGGRESSIVE;
				GCC_WARN_UNUSED_FUNCTION = YES;
				GCC_WARN_UNUSED_VARIABLE = YES;
				MTL_ENABLE_DEBUG_INFO = INCLUDE_SOURCE;
				MTL_FAST_MATH = YES;
				ONLY_ACTIVE_ARCH = YES;
				SWIFT_ACTIVE_COMPILATION_CONDITIONS = DEBUG;
				SWIFT_OPTIMIZATION_LEVEL = "-Onone";
			};
			name = Debug;
		};
		17A64811290E7F15009078B6 /* Release */ = {
			isa = XCBuildConfiguration;
			buildSettings = {
				ALWAYS_SEARCH_USER_PATHS = NO;
				CLANG_ANALYZER_NONNULL = YES;
				CLANG_ANALYZER_NUMBER_OBJECT_CONVERSION = YES_AGGRESSIVE;
				CLANG_CXX_LANGUAGE_STANDARD = "gnu++20";
				CLANG_ENABLE_MODULES = YES;
				CLANG_ENABLE_OBJC_ARC = YES;
				CLANG_ENABLE_OBJC_WEAK = YES;
				CLANG_WARN_BLOCK_CAPTURE_AUTORELEASING = YES;
				CLANG_WARN_BOOL_CONVERSION = YES;
				CLANG_WARN_COMMA = YES;
				CLANG_WARN_CONSTANT_CONVERSION = YES;
				CLANG_WARN_DEPRECATED_OBJC_IMPLEMENTATIONS = YES;
				CLANG_WARN_DIRECT_OBJC_ISA_USAGE = YES_ERROR;
				CLANG_WARN_DOCUMENTATION_COMMENTS = YES;
				CLANG_WARN_EMPTY_BODY = YES;
				CLANG_WARN_ENUM_CONVERSION = YES;
				CLANG_WARN_INFINITE_RECURSION = YES;
				CLANG_WARN_INT_CONVERSION = YES;
				CLANG_WARN_NON_LITERAL_NULL_CONVERSION = YES;
				CLANG_WARN_OBJC_IMPLICIT_RETAIN_SELF = YES;
				CLANG_WARN_OBJC_LITERAL_CONVERSION = YES;
				CLANG_WARN_OBJC_ROOT_CLASS = YES_ERROR;
				CLANG_WARN_QUOTED_INCLUDE_IN_FRAMEWORK_HEADER = YES;
				CLANG_WARN_RANGE_LOOP_ANALYSIS = YES;
				CLANG_WARN_STRICT_PROTOTYPES = YES;
				CLANG_WARN_SUSPICIOUS_MOVE = YES;
				CLANG_WARN_UNGUARDED_AVAILABILITY = YES_AGGRESSIVE;
				CLANG_WARN_UNREACHABLE_CODE = YES;
				CLANG_WARN__DUPLICATE_METHOD_MATCH = YES;
				COPY_PHASE_STRIP = NO;
				DEBUG_INFORMATION_FORMAT = "dwarf-with-dsym";
				ENABLE_NS_ASSERTIONS = NO;
				ENABLE_STRICT_OBJC_MSGSEND = YES;
				GCC_C_LANGUAGE_STANDARD = gnu11;
				GCC_NO_COMMON_BLOCKS = YES;
				GCC_WARN_64_TO_32_BIT_CONVERSION = YES;
				GCC_WARN_ABOUT_RETURN_TYPE = YES_ERROR;
				GCC_WARN_UNDECLARED_SELECTOR = YES;
				GCC_WARN_UNINITIALIZED_AUTOS = YES_AGGRESSIVE;
				GCC_WARN_UNUSED_FUNCTION = YES;
				GCC_WARN_UNUSED_VARIABLE = YES;
				MTL_ENABLE_DEBUG_INFO = NO;
				MTL_FAST_MATH = YES;
				SWIFT_COMPILATION_MODE = wholemodule;
				SWIFT_OPTIMIZATION_LEVEL = "-O";
			};
			name = Release;
		};
		17A64813290E7F15009078B6 /* Debug */ = {
			isa = XCBuildConfiguration;
			buildSettings = {
				ASSETCATALOG_COMPILER_APPICON_NAME = AppIcon;
				ASSETCATALOG_COMPILER_GLOBAL_ACCENT_COLOR_NAME = AccentColor;
				CODE_SIGN_ENTITLEMENTS = CouponApp/CouponApp.entitlements;
				CODE_SIGN_STYLE = Automatic;
				CURRENT_PROJECT_VERSION = 1;
				DEVELOPMENT_ASSET_PATHS = "\"CouponApp/Preview Content\"";
				DEVELOPMENT_TEAM = 5R64393PP4;
				ENABLE_HARDENED_RUNTIME = YES;
				ENABLE_PREVIEWS = YES;
				GENERATE_INFOPLIST_FILE = YES;
				"INFOPLIST_KEY_UIApplicationSceneManifest_Generation[sdk=iphoneos*]" = YES;
				"INFOPLIST_KEY_UIApplicationSceneManifest_Generation[sdk=iphonesimulator*]" = YES;
				"INFOPLIST_KEY_UIApplicationSupportsIndirectInputEvents[sdk=iphoneos*]" = YES;
				"INFOPLIST_KEY_UIApplicationSupportsIndirectInputEvents[sdk=iphonesimulator*]" = YES;
				"INFOPLIST_KEY_UILaunchScreen_Generation[sdk=iphoneos*]" = YES;
				"INFOPLIST_KEY_UILaunchScreen_Generation[sdk=iphonesimulator*]" = YES;
				"INFOPLIST_KEY_UIStatusBarStyle[sdk=iphoneos*]" = UIStatusBarStyleDefault;
				"INFOPLIST_KEY_UIStatusBarStyle[sdk=iphonesimulator*]" = UIStatusBarStyleDefault;
				INFOPLIST_KEY_UISupportedInterfaceOrientations_iPad = "UIInterfaceOrientationPortrait UIInterfaceOrientationPortraitUpsideDown UIInterfaceOrientationLandscapeLeft UIInterfaceOrientationLandscapeRight";
				INFOPLIST_KEY_UISupportedInterfaceOrientations_iPhone = "UIInterfaceOrientationPortrait UIInterfaceOrientationLandscapeLeft UIInterfaceOrientationLandscapeRight";
				IPHONEOS_DEPLOYMENT_TARGET = 16.0;
				LD_RUNPATH_SEARCH_PATHS = "@executable_path/Frameworks";
				"LD_RUNPATH_SEARCH_PATHS[sdk=macosx*]" = "@executable_path/../Frameworks";
				MACOSX_DEPLOYMENT_TARGET = 12.3;
				MARKETING_VERSION = 1.0;
				PRODUCT_BUNDLE_IDENTIFIER = com.pilif.CouponApp;
				PRODUCT_NAME = "$(TARGET_NAME)";
				SDKROOT = auto;
				SUPPORTED_PLATFORMS = "iphoneos iphonesimulator macosx";
				SWIFT_EMIT_LOC_STRINGS = YES;
				SWIFT_VERSION = 5.0;
				TARGETED_DEVICE_FAMILY = "1,2";
			};
			name = Debug;
		};
		17A64814290E7F15009078B6 /* Release */ = {
			isa = XCBuildConfiguration;
			buildSettings = {
				ASSETCATALOG_COMPILER_APPICON_NAME = AppIcon;
				ASSETCATALOG_COMPILER_GLOBAL_ACCENT_COLOR_NAME = AccentColor;
				CODE_SIGN_ENTITLEMENTS = CouponApp/CouponApp.entitlements;
				CODE_SIGN_STYLE = Automatic;
				CURRENT_PROJECT_VERSION = 1;
				DEVELOPMENT_ASSET_PATHS = "\"CouponApp/Preview Content\"";
				DEVELOPMENT_TEAM = 5R64393PP4;
				ENABLE_HARDENED_RUNTIME = YES;
				ENABLE_PREVIEWS = YES;
				GENERATE_INFOPLIST_FILE = YES;
				"INFOPLIST_KEY_UIApplicationSceneManifest_Generation[sdk=iphoneos*]" = YES;
				"INFOPLIST_KEY_UIApplicationSceneManifest_Generation[sdk=iphonesimulator*]" = YES;
				"INFOPLIST_KEY_UIApplicationSupportsIndirectInputEvents[sdk=iphoneos*]" = YES;
				"INFOPLIST_KEY_UIApplicationSupportsIndirectInputEvents[sdk=iphonesimulator*]" = YES;
				"INFOPLIST_KEY_UILaunchScreen_Generation[sdk=iphoneos*]" = YES;
				"INFOPLIST_KEY_UILaunchScreen_Generation[sdk=iphonesimulator*]" = YES;
				"INFOPLIST_KEY_UIStatusBarStyle[sdk=iphoneos*]" = UIStatusBarStyleDefault;
				"INFOPLIST_KEY_UIStatusBarStyle[sdk=iphonesimulator*]" = UIStatusBarStyleDefault;
				INFOPLIST_KEY_UISupportedInterfaceOrientations_iPad = "UIInterfaceOrientationPortrait UIInterfaceOrientationPortraitUpsideDown UIInterfaceOrientationLandscapeLeft UIInterfaceOrientationLandscapeRight";
				INFOPLIST_KEY_UISupportedInterfaceOrientations_iPhone = "UIInterfaceOrientationPortrait UIInterfaceOrientationLandscapeLeft UIInterfaceOrientationLandscapeRight";
				IPHONEOS_DEPLOYMENT_TARGET = 16.0;
				LD_RUNPATH_SEARCH_PATHS = "@executable_path/Frameworks";
				"LD_RUNPATH_SEARCH_PATHS[sdk=macosx*]" = "@executable_path/../Frameworks";
				MACOSX_DEPLOYMENT_TARGET = 12.3;
				MARKETING_VERSION = 1.0;
				PRODUCT_BUNDLE_IDENTIFIER = com.pilif.CouponApp;
				PRODUCT_NAME = "$(TARGET_NAME)";
				SDKROOT = auto;
				SUPPORTED_PLATFORMS = "iphoneos iphonesimulator macosx";
				SWIFT_EMIT_LOC_STRINGS = YES;
				SWIFT_VERSION = 5.0;
				TARGETED_DEVICE_FAMILY = "1,2";
			};
			name = Release;
		};
		17A64816290E7F15009078B6 /* Debug */ = {
			isa = XCBuildConfiguration;
			buildSettings = {
				ALWAYS_EMBED_SWIFT_STANDARD_LIBRARIES = YES;
				BUNDLE_LOADER = "$(TEST_HOST)";
				CODE_SIGN_STYLE = Automatic;
				CURRENT_PROJECT_VERSION = 1;
				DEVELOPMENT_TEAM = 5R64393PP4;
				GENERATE_INFOPLIST_FILE = YES;
				IPHONEOS_DEPLOYMENT_TARGET = 16.0;
				MACOSX_DEPLOYMENT_TARGET = 12.3;
				MARKETING_VERSION = 1.0;
				PRODUCT_BUNDLE_IDENTIFIER = com.pilif.CouponAppTests;
				PRODUCT_NAME = "$(TARGET_NAME)";
				SDKROOT = auto;
				SUPPORTED_PLATFORMS = "iphoneos iphonesimulator macosx";
				SWIFT_EMIT_LOC_STRINGS = NO;
				SWIFT_VERSION = 5.0;
				TARGETED_DEVICE_FAMILY = "1,2";
				TEST_HOST = "$(BUILT_PRODUCTS_DIR)/CouponApp.app/$(BUNDLE_EXECUTABLE_FOLDER_PATH)/CouponApp";
			};
			name = Debug;
		};
		17A64817290E7F15009078B6 /* Release */ = {
			isa = XCBuildConfiguration;
			buildSettings = {
				ALWAYS_EMBED_SWIFT_STANDARD_LIBRARIES = YES;
				BUNDLE_LOADER = "$(TEST_HOST)";
				CODE_SIGN_STYLE = Automatic;
				CURRENT_PROJECT_VERSION = 1;
				DEVELOPMENT_TEAM = 5R64393PP4;
				GENERATE_INFOPLIST_FILE = YES;
				IPHONEOS_DEPLOYMENT_TARGET = 16.0;
				MACOSX_DEPLOYMENT_TARGET = 12.3;
				MARKETING_VERSION = 1.0;
				PRODUCT_BUNDLE_IDENTIFIER = com.pilif.CouponAppTests;
				PRODUCT_NAME = "$(TARGET_NAME)";
				SDKROOT = auto;
				SUPPORTED_PLATFORMS = "iphoneos iphonesimulator macosx";
				SWIFT_EMIT_LOC_STRINGS = NO;
				SWIFT_VERSION = 5.0;
				TARGETED_DEVICE_FAMILY = "1,2";
				TEST_HOST = "$(BUILT_PRODUCTS_DIR)/CouponApp.app/$(BUNDLE_EXECUTABLE_FOLDER_PATH)/CouponApp";
			};
			name = Release;
		};
		17A64819290E7F15009078B6 /* Debug */ = {
			isa = XCBuildConfiguration;
			buildSettings = {
				ALWAYS_EMBED_SWIFT_STANDARD_LIBRARIES = YES;
				CODE_SIGN_STYLE = Automatic;
				CURRENT_PROJECT_VERSION = 1;
				DEVELOPMENT_TEAM = 5R64393PP4;
				GENERATE_INFOPLIST_FILE = YES;
				IPHONEOS_DEPLOYMENT_TARGET = 16.0;
				MACOSX_DEPLOYMENT_TARGET = 12.3;
				MARKETING_VERSION = 1.0;
				PRODUCT_BUNDLE_IDENTIFIER = com.pilif.CouponAppUITests;
				PRODUCT_NAME = "$(TARGET_NAME)";
				SDKROOT = auto;
				SUPPORTED_PLATFORMS = "iphoneos iphonesimulator macosx";
				SWIFT_EMIT_LOC_STRINGS = NO;
				SWIFT_VERSION = 5.0;
				TARGETED_DEVICE_FAMILY = "1,2";
				TEST_TARGET_NAME = CouponApp;
			};
			name = Debug;
		};
		17A6481A290E7F15009078B6 /* Release */ = {
			isa = XCBuildConfiguration;
			buildSettings = {
				ALWAYS_EMBED_SWIFT_STANDARD_LIBRARIES = YES;
				CODE_SIGN_STYLE = Automatic;
				CURRENT_PROJECT_VERSION = 1;
				DEVELOPMENT_TEAM = 5R64393PP4;
				GENERATE_INFOPLIST_FILE = YES;
				IPHONEOS_DEPLOYMENT_TARGET = 16.0;
				MACOSX_DEPLOYMENT_TARGET = 12.3;
				MARKETING_VERSION = 1.0;
				PRODUCT_BUNDLE_IDENTIFIER = com.pilif.CouponAppUITests;
				PRODUCT_NAME = "$(TARGET_NAME)";
				SDKROOT = auto;
				SUPPORTED_PLATFORMS = "iphoneos iphonesimulator macosx";
				SWIFT_EMIT_LOC_STRINGS = NO;
				SWIFT_VERSION = 5.0;
				TARGETED_DEVICE_FAMILY = "1,2";
				TEST_TARGET_NAME = CouponApp;
			};
			name = Release;
		};
/* End XCBuildConfiguration section */

/* Begin XCConfigurationList section */
		17A647E8290E7F11009078B6 /* Build configuration list for PBXProject "CouponApp" */ = {
			isa = XCConfigurationList;
			buildConfigurations = (
				17A64810290E7F15009078B6 /* Debug */,
				17A64811290E7F15009078B6 /* Release */,
			);
			defaultConfigurationIsVisible = 0;
			defaultConfigurationName = Release;
		};
		17A64812290E7F15009078B6 /* Build configuration list for PBXNativeTarget "CouponApp" */ = {
			isa = XCConfigurationList;
			buildConfigurations = (
				17A64813290E7F15009078B6 /* Debug */,
				17A64814290E7F15009078B6 /* Release */,
			);
			defaultConfigurationIsVisible = 0;
			defaultConfigurationName = Release;
		};
		17A64815290E7F15009078B6 /* Build configuration list for PBXNativeTarget "CouponAppTests" */ = {
			isa = XCConfigurationList;
			buildConfigurations = (
				17A64816290E7F15009078B6 /* Debug */,
				17A64817290E7F15009078B6 /* Release */,
			);
			defaultConfigurationIsVisible = 0;
			defaultConfigurationName = Release;
		};
		17A64818290E7F15009078B6 /* Build configuration list for PBXNativeTarget "CouponAppUITests" */ = {
			isa = XCConfigurationList;
			buildConfigurations = (
				17A64819290E7F15009078B6 /* Debug */,
				17A6481A290E7F15009078B6 /* Release */,
			);
			defaultConfigurationIsVisible = 0;
			defaultConfigurationName = Release;
		};
/* End XCConfigurationList section */

/* Begin XCRemoteSwiftPackageReference section */
		17A6482B290E897F009078B6 /* XCRemoteSwiftPackageReference "firebase-ios-sdk" */ = {
			isa = XCRemoteSwiftPackageReference;
			repositoryURL = "https://github.com/firebase/firebase-ios-sdk.git";
			requirement = {
				kind = upToNextMajorVersion;
				minimumVersion = 9.0.0;
			};
		};
/* End XCRemoteSwiftPackageReference section */

/* Begin XCSwiftPackageProductDependency section */
		17A6482C290E897F009078B6 /* FirebaseDatabase */ = {
			isa = XCSwiftPackageProductDependency;
			package = 17A6482B290E897F009078B6 /* XCRemoteSwiftPackageReference "firebase-ios-sdk" */;
			productName = FirebaseDatabase;
		};
		17A6482E290E897F009078B6 /* FirebaseFirestore */ = {
			isa = XCSwiftPackageProductDependency;
			package = 17A6482B290E897F009078B6 /* XCRemoteSwiftPackageReference "firebase-ios-sdk" */;
			productName = FirebaseFirestore;
		};
		17A64830290E897F009078B6 /* FirebaseStorage */ = {
			isa = XCSwiftPackageProductDependency;
			package = 17A6482B290E897F009078B6 /* XCRemoteSwiftPackageReference "firebase-ios-sdk" */;
			productName = FirebaseStorage;
		};
/* End XCSwiftPackageProductDependency section */
	};
	rootObject = 17A647E5290E7F11009078B6 /* Project object */;
}
